
Microsoft Visual Studio Solution File, Format Version 12.00
# Visual Studio 15
VisualStudioVersion = 15.0.27130.2036
MinimumVisualStudioVersion = 10.0.40219.1
Project("{FAE04EC0-301F-11D3-BF4B-00C04F79EFBC}") = "Vision System", "Vision System\Vision System.csproj", "{011DF2D3-5AB6-4ECA-A8C5-DE5545CCE4A3}"
EndProject
Project("{FAE04EC0-301F-11D3-BF4B-00C04F79EFBC}") = "OmronFins_TCP", "OmronFins_TCP\OmronFins_TCP.csproj", "{7561C712-8E4B-4118-96F7-817CD58412F1}"
EndProject
Global
	GlobalSection(SolutionConfigurationPlatforms) = preSolution
		Debug|Any CPU = Debug|Any CPU
		Debug|x64 = Debug|x64
		Release|Any CPU = Release|Any CPU
		Release|x64 = Release|x64
	EndGlobalSection
	GlobalSection(ProjectConfigurationPlatforms) = postSolution
		{011DF2D3-5AB6-4ECA-A8C5-DE5545CCE4A3}.Debug|Any CPU.ActiveCfg = Debug|Any CPU
		{011DF2D3-5AB6-4ECA-A8C5-DE5545CCE4A3}.Debug|Any CPU.Build.0 = Debug|Any CPU
		{011DF2D3-5AB6-4ECA-A8C5-DE5545CCE4A3}.Debug|x64.ActiveCfg = Debug|x64
		{011DF2D3-5AB6-4ECA-A8C5-DE5545CCE4A3}.Debug|x64.Build.0 = Debug|x64
		{011DF2D3-5AB6-4ECA-A8C5-DE5545CCE4A3}.Release|Any CPU.ActiveCfg = Release|Any CPU
		{011DF2D3-5AB6-4ECA-A8C5-DE5545CCE4A3}.Release|Any CPU.Build.0 = Release|Any CPU
		{011DF2D3-5AB6-4ECA-A8C5-DE5545CCE4A3}.Release|x64.ActiveCfg = Release|x64
		{011DF2D3-5AB6-4ECA-A8C5-DE5545CCE4A3}.Release|x64.Build.0 = Release|x64
		{7561C712-8E4B-4118-96F7-817CD58412F1}.Debug|Any CPU.ActiveCfg = Debug|Any CPU
		{7561C712-8E4B-4118-96F7-817CD58412F1}.Debug|Any CPU.Build.0 = Debug|Any CPU
		{7561C712-8E4B-4118-96F7-817CD58412F1}.Debug|x64.ActiveCfg = Debug|Any CPU
		{7561C712-8E4B-4118-96F7-817CD58412F1}.Debug|x64.Build.0 = Debug|Any CPU
		{7561C712-8E4B-4118-96F7-817CD58412F1}.Release|Any CPU.ActiveCfg = Release|Any CPU
		{7561C712-8E4B-4118-96F7-817CD58412F1}.Release|Any CPU.Build.0 = Release|Any CPU
		{7561C712-8E4B-4118-96F7-817CD58412F1}.Release|x64.ActiveCfg = Release|Any CPU
		{7561C712-8E4B-4118-96F7-817CD58412F1}.Release|x64.Build.0 = Release|Any CPU
	EndGlobalSection
	GlobalSection(SolutionProperties) = preSolution
		HideSolutionNode = FALSE
	EndGlobalSection
	GlobalSection(ExtensibilityGlobals) = postSolution
		SolutionGuid = {E50064DE-4CD7-4685-97C5-42FC34FECBCB}
	EndGlobalSection
EndGlobal
